
Microsoft Visual Studio Solution File, Format Version 12.00
# Visual Studio Version 17
VisualStudioVersion = 17.12.35514.174
MinimumVisualStudioVersion = 10.0.40219.1
Project("{FAE04EC0-301F-11D3-BF4B-00C04F79EFBC}") = "Tyuiu.RogovAYu.Sprint5.Task0.V15", "Tyuiu.RogovAYu.Sprint5.Task0.V15\Tyuiu.RogovAYu.Sprint5.Task0.V15.csproj", "{C67ADC2C-0132-4DD9-BC0E-154B6D9AA5A7}"
EndProject
Project("{FAE04EC0-301F-11D3-BF4B-00C04F79EFBC}") = "Tyuiu.RogovAYu.Sprint5.Task0.V15.Lib", "Tyuiu.RogovAYu.Sprint5.Task0.V15.Lib\Tyuiu.RogovAYu.Sprint5.Task0.V15.Lib.csproj", "{6E2FE061-B3EF-4129-B3F0-3045948BF2F4}"
EndProject
Project("{FAE04EC0-301F-11D3-BF4B-00C04F79EFBC}") = "Tyuiu.RogovAYu.Sprint5.Task0.V15.Test", "Tyuiu.RogovAYu.Sprint5.Task0.V15.Test\Tyuiu.RogovAYu.Sprint5.Task0.V15.Test.csproj", "{FDD034EB-93F4-45ED-B17D-A1D348D9F7DD}"
EndProject
Project("{FAE04EC0-301F-11D3-BF4B-00C04F79EFBC}") = "tasksolver", "tasksolver\tasksolver.csproj", "{E1A09AE3-C06A-42C1-AAD4-8D9EF2D3C45C}"
EndProject
Project("{2150E333-8FDC-42A3-9474-1A3956D46DE8}") = "0", "0", "{6EA58F18-D619-4CB1-B2DF-8F0C7B58E959}"
EndProject
Project("{2150E333-8FDC-42A3-9474-1A3956D46DE8}") = "1", "1", "{DAA8B30B-D601-41CB-8977-E2509C93D821}"
EndProject
Project("{2150E333-8FDC-42A3-9474-1A3956D46DE8}") = "2", "2", "{ABC2A279-1508-4787-B2A8-4ACEE7743D8B}"
EndProject
Project("{2150E333-8FDC-42A3-9474-1A3956D46DE8}") = "3", "3", "{EE348026-4A47-44D6-BA63-2060409603A0}"
EndProject
Project("{2150E333-8FDC-42A3-9474-1A3956D46DE8}") = "4", "4", "{06430B1F-350B-4833-9410-237ECAEF14D0}"
EndProject
Project("{2150E333-8FDC-42A3-9474-1A3956D46DE8}") = "5", "5", "{D1C50BFF-D2FB-44EF-98B6-A57D51500094}"
EndProject
Project("{2150E333-8FDC-42A3-9474-1A3956D46DE8}") = "6", "6", "{41699F59-0C32-4AD6-BD5B-8791CF04C9F7}"
EndProject
Project("{2150E333-8FDC-42A3-9474-1A3956D46DE8}") = "7", "7", "{551DBB5D-2A92-4B2D-BA67-380895A8AD39}"
EndProject
Project("{FAE04EC0-301F-11D3-BF4B-00C04F79EFBC}") = "Tyuiu.RogovAYu.Sprint5.Task1.V27.Test", "Tyuiu.RogovAYu.Sprint5.Task1.V27.Test\Tyuiu.RogovAYu.Sprint5.Task1.V27.Test.csproj", "{109A33F9-0EEB-425C-98D0-1A3DCD4CF568}"
EndProject
Project("{FAE04EC0-301F-11D3-BF4B-00C04F79EFBC}") = "Tyuiu.RogovAYu.Sprint5.Task1.V27.Lib", "Tyuiu.RogovAYu.Sprint5.Task1.V27.Lib\Tyuiu.RogovAYu.Sprint5.Task1.V27.Lib.csproj", "{6109B783-7D80-4826-9CD3-02DE021B1F56}"
EndProject
Project("{FAE04EC0-301F-11D3-BF4B-00C04F79EFBC}") = "Tyuiu.RogovAYu.Sprint5.Task1.V27", "Tyuiu.RogovAYu.Sprint5.Task1.V27\Tyuiu.RogovAYu.Sprint5.Task1.V27.csproj", "{86F2DF09-B86A-4046-B627-DE931368C8C4}"
EndProject
Project("{FAE04EC0-301F-11D3-BF4B-00C04F79EFBC}") = "Tyuiu.RogovAYu.Sprint5.Task2.V1.Test", "Tyuiu.RogovAYu.Sprint5.Task2.V1.Test\Tyuiu.RogovAYu.Sprint5.Task2.V1.Test.csproj", "{A70DD836-1388-45E4-8851-FC0720228D13}"
EndProject
Project("{FAE04EC0-301F-11D3-BF4B-00C04F79EFBC}") = "Tyuiu.RogovAYu.Sprint5.Task2.V1.Lib", "Tyuiu.RogovAYu.Sprint5.Task2.V1.Lib\Tyuiu.RogovAYu.Sprint5.Task2.V1.Lib.csproj", "{B4C85E84-75B2-42C3-9155-799FC2C0E5FE}"
EndProject
Project("{FAE04EC0-301F-11D3-BF4B-00C04F79EFBC}") = "Tyuiu.RogovAYu.Sprint5.Task2.V1", "Tyuiu.RogovAYu.Sprint5.Task2.V1\Tyuiu.RogovAYu.Sprint5.Task2.V1.csproj", "{5DE2EECF-2AC8-48C8-A9B2-DF45B76710C8}"
EndProject
Project("{FAE04EC0-301F-11D3-BF4B-00C04F79EFBC}") = "Tyuiu.RogovAYu.Sprint5.Task3.V14.Test", "Tyuiu.RogovAYu.Sprint5.Task3.V14.Test\Tyuiu.RogovAYu.Sprint5.Task3.V14.Test.csproj", "{B7C15590-AFCA-4DC9-A945-B8824A025763}"
EndProject
Project("{FAE04EC0-301F-11D3-BF4B-00C04F79EFBC}") = "Tyuiu.RogovAYu.Sprint5.Task3.V14", "Tyuiu.RogovAYu.Sprint5.Task3.V14\Tyuiu.RogovAYu.Sprint5.Task3.V14.csproj", "{ED7F450E-1E32-46C1-A6C1-1BF3EB148169}"
EndProject
Project("{FAE04EC0-301F-11D3-BF4B-00C04F79EFBC}") = "Tyuiu.RogovAYu.Sprint5.Task3.V14.Lib", "Tyuiu.RogovAYu.Sprint5.Task3.V14.Lib\Tyuiu.RogovAYu.Sprint5.Task3.V14.Lib.csproj", "{359FB768-066E-43D9-B9B9-52843DE38349}"
EndProject
Project("{FAE04EC0-301F-11D3-BF4B-00C04F79EFBC}") = "Tyuiu.RogovAYu.Sprint5.Task4.V3.Test", "Tyuiu.RogovAYu.Sprint5.Task4.V3.Test\Tyuiu.RogovAYu.Sprint5.Task4.V3.Test.csproj", "{29414423-1203-4766-AD9B-F7D86BF11B84}"
EndProject
Project("{FAE04EC0-301F-11D3-BF4B-00C04F79EFBC}") = "Tyuiu.RogovAYu.Sprint5.Task4.V3.Lib", "Tyuiu.RogovAYu.Sprint5.Task4.V3.Lib\Tyuiu.RogovAYu.Sprint5.Task4.V3.Lib.csproj", "{C4C75C10-332A-4D7A-A485-E44C305E34FE}"
EndProject
Project("{FAE04EC0-301F-11D3-BF4B-00C04F79EFBC}") = "Tyuiu.RogovAYu.Sprint5.Task4.V3", "Tyuiu.RogovAYu\Tyuiu.RogovAYu.Sprint5.Task4.V3.csproj", "{0D7DEDA4-7AA8-42ED-9D25-DBD25DAF7C48}"
EndProject
Project("{FAE04EC0-301F-11D3-BF4B-00C04F79EFBC}") = "Tyuiu.RogovAYu.Sprint5.Task5.V27.Test", "Tyuiu.RogovAYu.Sprint5.Task5.V27.Test\Tyuiu.RogovAYu.Sprint5.Task5.V27.Test.csproj", "{C02D9934-9840-430F-8D75-3ECAB7CAD314}"
EndProject
Project("{FAE04EC0-301F-11D3-BF4B-00C04F79EFBC}") = "Tyuiu.RogovAYu.Sprint5.Task5.V27.Lib", "Tyuiu.RogovAYu.Sprint5.Task5.V27.Lib\Tyuiu.RogovAYu.Sprint5.Task5.V27.Lib.csproj", "{C66FD801-4CB8-4C6C-9BAF-8DC611F8C138}"
EndProject
Project("{FAE04EC0-301F-11D3-BF4B-00C04F79EFBC}") = "Tyuiu.RogovAYu.Sprint5.Task5.V27", "Tyuiu.RogovAYu.Sprint5.Task5.V27\Tyuiu.RogovAYu.Sprint5.Task5.V27.csproj", "{D5C926DA-20CF-4C80-B34A-ABC5BA6BC70C}"
EndProject
Project("{FAE04EC0-301F-11D3-BF4B-00C04F79EFBC}") = "Tyuiu.RogovAYu.Sprint5.Task6.V24.Test", "Tyuiu.RogovAYu.Sprint5.Task6.V24.Test\Tyuiu.RogovAYu.Sprint5.Task6.V24.Test.csproj", "{27B6D86C-789D-4679-A0C8-2F5CC57B4CC8}"
EndProject
Project("{FAE04EC0-301F-11D3-BF4B-00C04F79EFBC}") = "Tyuiu.RogovAYu.Sprint5.Task6.V24.Lib", "Tyuiu.RogovAYu.Sprint5.Task6.V24.Lib\Tyuiu.RogovAYu.Sprint5.Task6.V24.Lib.csproj", "{EA48F38C-0779-4CF9-94A3-85861409E39B}"
EndProject
Project("{FAE04EC0-301F-11D3-BF4B-00C04F79EFBC}") = "Tyuiu.RogovAYu.Sprint5.Task6.V24", "Tyuiu.RogovAYu.Sprint5.Task6.V24\Tyuiu.RogovAYu.Sprint5.Task6.V24.csproj", "{170A393E-8000-4B48-9E1F-A8288D554E0B}"
EndProject
Global
	GlobalSection(SolutionConfigurationPlatforms) = preSolution
		Debug|Any CPU = Debug|Any CPU
		Release|Any CPU = Release|Any CPU
	EndGlobalSection
	GlobalSection(ProjectConfigurationPlatforms) = postSolution
		{C67ADC2C-0132-4DD9-BC0E-154B6D9AA5A7}.Debug|Any CPU.ActiveCfg = Debug|Any CPU
		{C67ADC2C-0132-4DD9-BC0E-154B6D9AA5A7}.Debug|Any CPU.Build.0 = Debug|Any CPU
		{C67ADC2C-0132-4DD9-BC0E-154B6D9AA5A7}.Release|Any CPU.ActiveCfg = Release|Any CPU
		{C67ADC2C-0132-4DD9-BC0E-154B6D9AA5A7}.Release|Any CPU.Build.0 = Release|Any CPU
		{6E2FE061-B3EF-4129-B3F0-3045948BF2F4}.Debug|Any CPU.ActiveCfg = Debug|Any CPU
		{6E2FE061-B3EF-4129-B3F0-3045948BF2F4}.Debug|Any CPU.Build.0 = Debug|Any CPU
		{6E2FE061-B3EF-4129-B3F0-3045948BF2F4}.Release|Any CPU.ActiveCfg = Release|Any CPU
		{6E2FE061-B3EF-4129-B3F0-3045948BF2F4}.Release|Any CPU.Build.0 = Release|Any CPU
		{FDD034EB-93F4-45ED-B17D-A1D348D9F7DD}.Debug|Any CPU.ActiveCfg = Debug|Any CPU
		{FDD034EB-93F4-45ED-B17D-A1D348D9F7DD}.Debug|Any CPU.Build.0 = Debug|Any CPU
		{FDD034EB-93F4-45ED-B17D-A1D348D9F7DD}.Release|Any CPU.ActiveCfg = Release|Any CPU
		{FDD034EB-93F4-45ED-B17D-A1D348D9F7DD}.Release|Any CPU.Build.0 = Release|Any CPU
		{E1A09AE3-C06A-42C1-AAD4-8D9EF2D3C45C}.Debug|Any CPU.ActiveCfg = Debug|Any CPU
		{E1A09AE3-C06A-42C1-AAD4-8D9EF2D3C45C}.Debug|Any CPU.Build.0 = Debug|Any CPU
		{E1A09AE3-C06A-42C1-AAD4-8D9EF2D3C45C}.Release|Any CPU.ActiveCfg = Release|Any CPU
		{E1A09AE3-C06A-42C1-AAD4-8D9EF2D3C45C}.Release|Any CPU.Build.0 = Release|Any CPU
		{109A33F9-0EEB-425C-98D0-1A3DCD4CF568}.Debug|Any CPU.ActiveCfg = Debug|Any CPU
		{109A33F9-0EEB-425C-98D0-1A3DCD4CF568}.Debug|Any CPU.Build.0 = Debug|Any CPU
		{109A33F9-0EEB-425C-98D0-1A3DCD4CF568}.Release|Any CPU.ActiveCfg = Release|Any CPU
		{109A33F9-0EEB-425C-98D0-1A3DCD4CF568}.Release|Any CPU.Build.0 = Release|Any CPU
		{6109B783-7D80-4826-9CD3-02DE021B1F56}.Debug|Any CPU.ActiveCfg = Debug|Any CPU
		{6109B783-7D80-4826-9CD3-02DE021B1F56}.Debug|Any CPU.Build.0 = Debug|Any CPU
		{6109B783-7D80-4826-9CD3-02DE021B1F56}.Release|Any CPU.ActiveCfg = Release|Any CPU
		{6109B783-7D80-4826-9CD3-02DE021B1F56}.Release|Any CPU.Build.0 = Release|Any CPU
		{86F2DF09-B86A-4046-B627-DE931368C8C4}.Debug|Any CPU.ActiveCfg = Debug|Any CPU
		{86F2DF09-B86A-4046-B627-DE931368C8C4}.Debug|Any CPU.Build.0 = Debug|Any CPU
		{86F2DF09-B86A-4046-B627-DE931368C8C4}.Release|Any CPU.ActiveCfg = Release|Any CPU
		{86F2DF09-B86A-4046-B627-DE931368C8C4}.Release|Any CPU.Build.0 = Release|Any CPU
		{A70DD836-1388-45E4-8851-FC0720228D13}.Debug|Any CPU.ActiveCfg = Debug|Any CPU
		{A70DD836-1388-45E4-8851-FC0720228D13}.Debug|Any CPU.Build.0 = Debug|Any CPU
		{A70DD836-1388-45E4-8851-FC0720228D13}.Release|Any CPU.ActiveCfg = Release|Any CPU
		{A70DD836-1388-45E4-8851-FC0720228D13}.Release|Any CPU.Build.0 = Release|Any CPU
		{B4C85E84-75B2-42C3-9155-799FC2C0E5FE}.Debug|Any CPU.ActiveCfg = Debug|Any CPU
		{B4C85E84-75B2-42C3-9155-799FC2C0E5FE}.Debug|Any CPU.Build.0 = Debug|Any CPU
		{B4C85E84-75B2-42C3-9155-799FC2C0E5FE}.Release|Any CPU.ActiveCfg = Release|Any CPU
		{B4C85E84-75B2-42C3-9155-799FC2C0E5FE}.Release|Any CPU.Build.0 = Release|Any CPU
		{5DE2EECF-2AC8-48C8-A9B2-DF45B76710C8}.Debug|Any CPU.ActiveCfg = Debug|Any CPU
		{5DE2EECF-2AC8-48C8-A9B2-DF45B76710C8}.Debug|Any CPU.Build.0 = Debug|Any CPU
		{5DE2EECF-2AC8-48C8-A9B2-DF45B76710C8}.Release|Any CPU.ActiveCfg = Release|Any CPU
		{5DE2EECF-2AC8-48C8-A9B2-DF45B76710C8}.Release|Any CPU.Build.0 = Release|Any CPU
		{B7C15590-AFCA-4DC9-A945-B8824A025763}.Debug|Any CPU.ActiveCfg = Debug|Any CPU
		{B7C15590-AFCA-4DC9-A945-B8824A025763}.Debug|Any CPU.Build.0 = Debug|Any CPU
		{B7C15590-AFCA-4DC9-A945-B8824A025763}.Release|Any CPU.ActiveCfg = Release|Any CPU
		{B7C15590-AFCA-4DC9-A945-B8824A025763}.Release|Any CPU.Build.0 = Release|Any CPU
		{ED7F450E-1E32-46C1-A6C1-1BF3EB148169}.Debug|Any CPU.ActiveCfg = Debug|Any CPU
		{ED7F450E-1E32-46C1-A6C1-1BF3EB148169}.Debug|Any CPU.Build.0 = Debug|Any CPU
		{ED7F450E-1E32-46C1-A6C1-1BF3EB148169}.Release|Any CPU.ActiveCfg = Release|Any CPU
		{ED7F450E-1E32-46C1-A6C1-1BF3EB148169}.Release|Any CPU.Build.0 = Release|Any CPU
		{359FB768-066E-43D9-B9B9-52843DE38349}.Debug|Any CPU.ActiveCfg = Debug|Any CPU
		{359FB768-066E-43D9-B9B9-52843DE38349}.Debug|Any CPU.Build.0 = Debug|Any CPU
		{359FB768-066E-43D9-B9B9-52843DE38349}.Release|Any CPU.ActiveCfg = Release|Any CPU
		{359FB768-066E-43D9-B9B9-52843DE38349}.Release|Any CPU.Build.0 = Release|Any CPU
		{29414423-1203-4766-AD9B-F7D86BF11B84}.Debug|Any CPU.ActiveCfg = Debug|Any CPU
		{29414423-1203-4766-AD9B-F7D86BF11B84}.Debug|Any CPU.Build.0 = Debug|Any CPU
		{29414423-1203-4766-AD9B-F7D86BF11B84}.Release|Any CPU.ActiveCfg = Release|Any CPU
		{29414423-1203-4766-AD9B-F7D86BF11B84}.Release|Any CPU.Build.0 = Release|Any CPU
		{C4C75C10-332A-4D7A-A485-E44C305E34FE}.Debug|Any CPU.ActiveCfg = Debug|Any CPU
		{C4C75C10-332A-4D7A-A485-E44C305E34FE}.Debug|Any CPU.Build.0 = Debug|Any CPU
		{C4C75C10-332A-4D7A-A485-E44C305E34FE}.Release|Any CPU.ActiveCfg = Release|Any CPU
		{C4C75C10-332A-4D7A-A485-E44C305E34FE}.Release|Any CPU.Build.0 = Release|Any CPU
		{0D7DEDA4-7AA8-42ED-9D25-DBD25DAF7C48}.Debug|Any CPU.ActiveCfg = Debug|Any CPU
		{0D7DEDA4-7AA8-42ED-9D25-DBD25DAF7C48}.Debug|Any CPU.Build.0 = Debug|Any CPU
		{0D7DEDA4-7AA8-42ED-9D25-DBD25DAF7C48}.Release|Any CPU.ActiveCfg = Release|Any CPU
		{0D7DEDA4-7AA8-42ED-9D25-DBD25DAF7C48}.Release|Any CPU.Build.0 = Release|Any CPU
		{C02D9934-9840-430F-8D75-3ECAB7CAD314}.Debug|Any CPU.ActiveCfg = Debug|Any CPU
		{C02D9934-9840-430F-8D75-3ECAB7CAD314}.Debug|Any CPU.Build.0 = Debug|Any CPU
		{C02D9934-9840-430F-8D75-3ECAB7CAD314}.Release|Any CPU.ActiveCfg = Release|Any CPU
		{C02D9934-9840-430F-8D75-3ECAB7CAD314}.Release|Any CPU.Build.0 = Release|Any CPU
		{C66FD801-4CB8-4C6C-9BAF-8DC611F8C138}.Debug|Any CPU.ActiveCfg = Debug|Any CPU
		{C66FD801-4CB8-4C6C-9BAF-8DC611F8C138}.Debug|Any CPU.Build.0 = Debug|Any CPU
		{C66FD801-4CB8-4C6C-9BAF-8DC611F8C138}.Release|Any CPU.ActiveCfg = Release|Any CPU
		{C66FD801-4CB8-4C6C-9BAF-8DC611F8C138}.Release|Any CPU.Build.0 = Release|Any CPU
		{D5C926DA-20CF-4C80-B34A-ABC5BA6BC70C}.Debug|Any CPU.ActiveCfg = Debug|Any CPU
		{D5C926DA-20CF-4C80-B34A-ABC5BA6BC70C}.Debug|Any CPU.Build.0 = Debug|Any CPU
		{D5C926DA-20CF-4C80-B34A-ABC5BA6BC70C}.Release|Any CPU.ActiveCfg = Release|Any CPU
		{D5C926DA-20CF-4C80-B34A-ABC5BA6BC70C}.Release|Any CPU.Build.0 = Release|Any CPU
		{27B6D86C-789D-4679-A0C8-2F5CC57B4CC8}.Debug|Any CPU.ActiveCfg = Debug|Any CPU
		{27B6D86C-789D-4679-A0C8-2F5CC57B4CC8}.Debug|Any CPU.Build.0 = Debug|Any CPU
		{27B6D86C-789D-4679-A0C8-2F5CC57B4CC8}.Release|Any CPU.ActiveCfg = Release|Any CPU
		{27B6D86C-789D-4679-A0C8-2F5CC57B4CC8}.Release|Any CPU.Build.0 = Release|Any CPU
		{EA48F38C-0779-4CF9-94A3-85861409E39B}.Debug|Any CPU.ActiveCfg = Debug|Any CPU
		{EA48F38C-0779-4CF9-94A3-85861409E39B}.Debug|Any CPU.Build.0 = Debug|Any CPU
		{EA48F38C-0779-4CF9-94A3-85861409E39B}.Release|Any CPU.ActiveCfg = Release|Any CPU
		{EA48F38C-0779-4CF9-94A3-85861409E39B}.Release|Any CPU.Build.0 = Release|Any CPU
		{170A393E-8000-4B48-9E1F-A8288D554E0B}.Debug|Any CPU.ActiveCfg = Debug|Any CPU
		{170A393E-8000-4B48-9E1F-A8288D554E0B}.Debug|Any CPU.Build.0 = Debug|Any CPU
		{170A393E-8000-4B48-9E1F-A8288D554E0B}.Release|Any CPU.ActiveCfg = Release|Any CPU
		{170A393E-8000-4B48-9E1F-A8288D554E0B}.Release|Any CPU.Build.0 = Release|Any CPU
	EndGlobalSection
	GlobalSection(SolutionProperties) = preSolution
		HideSolutionNode = FALSE
	EndGlobalSection
	GlobalSection(NestedProjects) = preSolution
		{C67ADC2C-0132-4DD9-BC0E-154B6D9AA5A7} = {6EA58F18-D619-4CB1-B2DF-8F0C7B58E959}
		{6E2FE061-B3EF-4129-B3F0-3045948BF2F4} = {6EA58F18-D619-4CB1-B2DF-8F0C7B58E959}
		{FDD034EB-93F4-45ED-B17D-A1D348D9F7DD} = {6EA58F18-D619-4CB1-B2DF-8F0C7B58E959}
		{109A33F9-0EEB-425C-98D0-1A3DCD4CF568} = {DAA8B30B-D601-41CB-8977-E2509C93D821}
		{6109B783-7D80-4826-9CD3-02DE021B1F56} = {DAA8B30B-D601-41CB-8977-E2509C93D821}
		{86F2DF09-B86A-4046-B627-DE931368C8C4} = {DAA8B30B-D601-41CB-8977-E2509C93D821}
		{A70DD836-1388-45E4-8851-FC0720228D13} = {ABC2A279-1508-4787-B2A8-4ACEE7743D8B}
		{B4C85E84-75B2-42C3-9155-799FC2C0E5FE} = {ABC2A279-1508-4787-B2A8-4ACEE7743D8B}
		{5DE2EECF-2AC8-48C8-A9B2-DF45B76710C8} = {ABC2A279-1508-4787-B2A8-4ACEE7743D8B}
		{B7C15590-AFCA-4DC9-A945-B8824A025763} = {EE348026-4A47-44D6-BA63-2060409603A0}
		{ED7F450E-1E32-46C1-A6C1-1BF3EB148169} = {EE348026-4A47-44D6-BA63-2060409603A0}
		{359FB768-066E-43D9-B9B9-52843DE38349} = {EE348026-4A47-44D6-BA63-2060409603A0}
		{29414423-1203-4766-AD9B-F7D86BF11B84} = {06430B1F-350B-4833-9410-237ECAEF14D0}
		{C4C75C10-332A-4D7A-A485-E44C305E34FE} = {06430B1F-350B-4833-9410-237ECAEF14D0}
		{0D7DEDA4-7AA8-42ED-9D25-DBD25DAF7C48} = {06430B1F-350B-4833-9410-237ECAEF14D0}
		{C02D9934-9840-430F-8D75-3ECAB7CAD314} = {D1C50BFF-D2FB-44EF-98B6-A57D51500094}
		{C66FD801-4CB8-4C6C-9BAF-8DC611F8C138} = {D1C50BFF-D2FB-44EF-98B6-A57D51500094}
		{D5C926DA-20CF-4C80-B34A-ABC5BA6BC70C} = {D1C50BFF-D2FB-44EF-98B6-A57D51500094}
		{27B6D86C-789D-4679-A0C8-2F5CC57B4CC8} = {41699F59-0C32-4AD6-BD5B-8791CF04C9F7}
		{EA48F38C-0779-4CF9-94A3-85861409E39B} = {41699F59-0C32-4AD6-BD5B-8791CF04C9F7}
		{170A393E-8000-4B48-9E1F-A8288D554E0B} = {41699F59-0C32-4AD6-BD5B-8791CF04C9F7}
	EndGlobalSection
EndGlobal
